
Microsoft Visual Studio Solution File, Format Version 12.00
# Visual Studio Version 17
VisualStudioVersion = 17.5.33103.201
MinimumVisualStudioVersion = 10.0.40219.1
Project("{2150E333-8FDC-42A3-9474-1A3956D46DE8}") = "src", "src", "{360384FF-F9F9-499C-B3EA-C3ABD1E979E8}"
EndProject
Project("{2150E333-8FDC-42A3-9474-1A3956D46DE8}") = "example", "example", "{B1CEF22F-AD16-4BC4-8887-CB4602A0EB8F}"
EndProject
Project("{9A19103F-16F7-4668-BE54-9A1E7A4F7556}") = "SweetAlert.Blazor", "src\SweetAlert.Blazor\SweetAlert.Blazor.csproj", "{CF341FB4-1EE9-4E17-B87D-CF955751D1CC}"
EndProject
Project("{FAE04EC0-301F-11D3-BF4B-00C04F79EFBC}") = "ExampleApp", "examples\ExampleApp\ExampleApp.csproj", "{4AE95F81-A219-4D79-8354-AD2B59D994BA}"
EndProject
Global
	GlobalSection(SolutionConfigurationPlatforms) = preSolution
		Debug|Any CPU = Debug|Any CPU
		Release|Any CPU = Release|Any CPU
	EndGlobalSection
	GlobalSection(ProjectConfigurationPlatforms) = postSolution
		{CF341FB4-1EE9-4E17-B87D-CF955751D1CC}.Debug|Any CPU.ActiveCfg = Debug|Any CPU
		{CF341FB4-1EE9-4E17-B87D-CF955751D1CC}.Debug|Any CPU.Build.0 = Debug|Any CPU
		{CF341FB4-1EE9-4E17-B87D-CF955751D1CC}.Release|Any CPU.ActiveCfg = Release|Any CPU
		{CF341FB4-1EE9-4E17-B87D-CF955751D1CC}.Release|Any CPU.Build.0 = Release|Any CPU
		{4AE95F81-A219-4D79-8354-AD2B59D994BA}.Debug|Any CPU.ActiveCfg = Debug|Any CPU
		{4AE95F81-A219-4D79-8354-AD2B59D994BA}.Debug|Any CPU.Build.0 = Debug|Any CPU
		{4AE95F81-A219-4D79-8354-AD2B59D994BA}.Release|Any CPU.ActiveCfg = Release|Any CPU
		{4AE95F81-A219-4D79-8354-AD2B59D994BA}.Release|Any CPU.Build.0 = Release|Any CPU
	EndGlobalSection
	GlobalSection(SolutionProperties) = preSolution
		HideSolutionNode = FALSE
	EndGlobalSection
	GlobalSection(NestedProjects) = preSolution
		{CF341FB4-1EE9-4E17-B87D-CF955751D1CC} = {360384FF-F9F9-499C-B3EA-C3ABD1E979E8}
		{4AE95F81-A219-4D79-8354-AD2B59D994BA} = {B1CEF22F-AD16-4BC4-8887-CB4602A0EB8F}
	EndGlobalSection
	GlobalSection(ExtensibilityGlobals) = postSolution
		SolutionGuid = {234022C2-83CD-4475-B2E7-C443183F4C9F}
	EndGlobalSection
EndGlobal
